
Microsoft Visual Studio Solution File, Format Version 12.00
# Visual Studio 2013
VisualStudioVersion = 12.0.21005.1
MinimumVisualStudioVersion = 10.0.40219.1
Project("{2150E333-8FDC-42A3-9474-1A3956D46DE8}") = "1_Domain", "1_Domain", "{09045FDE-8CE3-444D-B5C2-933B43629574}"
EndProject
Project("{FAE04EC0-301F-11D3-BF4B-00C04F79EFBC}") = "Portifolio.Domain", "1_Domain\Portifolio.Domain\Portifolio.Domain.csproj", "{FEC5C1A2-A0A4-4587-9D1C-D35093BE27ED}"
EndProject
Project("{FAE04EC0-301F-11D3-BF4B-00C04F79EFBC}") = "Portifolio.Domain.Tests", "1_Domain\Portifolio.Domain.Tests\Portifolio.Domain.Tests.csproj", "{939538A0-1F94-44F6-95B6-55FDC9E959AC}"
EndProject
Global
	GlobalSection(SolutionConfigurationPlatforms) = preSolution
		Debug|Any CPU = Debug|Any CPU
		Release|Any CPU = Release|Any CPU
	EndGlobalSection
	GlobalSection(ProjectConfigurationPlatforms) = postSolution
		{FEC5C1A2-A0A4-4587-9D1C-D35093BE27ED}.Debug|Any CPU.ActiveCfg = Debug|Any CPU
		{FEC5C1A2-A0A4-4587-9D1C-D35093BE27ED}.Debug|Any CPU.Build.0 = Debug|Any CPU
		{FEC5C1A2-A0A4-4587-9D1C-D35093BE27ED}.Release|Any CPU.ActiveCfg = Release|Any CPU
		{FEC5C1A2-A0A4-4587-9D1C-D35093BE27ED}.Release|Any CPU.Build.0 = Release|Any CPU
		{939538A0-1F94-44F6-95B6-55FDC9E959AC}.Debug|Any CPU.ActiveCfg = Debug|Any CPU
		{939538A0-1F94-44F6-95B6-55FDC9E959AC}.Debug|Any CPU.Build.0 = Debug|Any CPU
		{939538A0-1F94-44F6-95B6-55FDC9E959AC}.Release|Any CPU.ActiveCfg = Release|Any CPU
		{939538A0-1F94-44F6-95B6-55FDC9E959AC}.Release|Any CPU.Build.0 = Release|Any CPU
	EndGlobalSection
	GlobalSection(SolutionProperties) = preSolution
		HideSolutionNode = FALSE
	EndGlobalSection
	GlobalSection(NestedProjects) = preSolution
		{FEC5C1A2-A0A4-4587-9D1C-D35093BE27ED} = {09045FDE-8CE3-444D-B5C2-933B43629574}
		{939538A0-1F94-44F6-95B6-55FDC9E959AC} = {09045FDE-8CE3-444D-B5C2-933B43629574}
	EndGlobalSection
EndGlobal
